
Microsoft Visual Studio Solution File, Format Version 12.00
# Visual Studio Version 17
VisualStudioVersion = 17.6.33829.357
MinimumVisualStudioVersion = 10.0.40219.1
Project("{F184B08F-C81C-45F6-A57F-5ABD9991F28F}") = "Sistema_Matriculas", "Sistema_Matriculas\Sistema_Matriculas.vbproj", "{CD8E53D2-B177-494B-AE08-1CEEF98E43D7}"
EndProject
Project("{F184B08F-C81C-45F6-A57F-5ABD9991F28F}") = "Datos", "Datos\Datos.vbproj", "{55D14CC4-B6C7-423D-B757-209E6CB8BAAC}"
EndProject
Project("{F184B08F-C81C-45F6-A57F-5ABD9991F28F}") = "Negocios", "Negocios\Negocios.vbproj", "{0A13374B-1DE5-40CD-B28C-6DB359E75D10}"
EndProject
Global
	GlobalSection(SolutionConfigurationPlatforms) = preSolution
		Debug|Any CPU = Debug|Any CPU
		Release|Any CPU = Release|Any CPU
	EndGlobalSection
	GlobalSection(ProjectConfigurationPlatforms) = postSolution
		{CD8E53D2-B177-494B-AE08-1CEEF98E43D7}.Debug|Any CPU.ActiveCfg = Debug|Any CPU
		{CD8E53D2-B177-494B-AE08-1CEEF98E43D7}.Debug|Any CPU.Build.0 = Debug|Any CPU
		{CD8E53D2-B177-494B-AE08-1CEEF98E43D7}.Release|Any CPU.ActiveCfg = Release|Any CPU
		{CD8E53D2-B177-494B-AE08-1CEEF98E43D7}.Release|Any CPU.Build.0 = Release|Any CPU
		{55D14CC4-B6C7-423D-B757-209E6CB8BAAC}.Debug|Any CPU.ActiveCfg = Debug|Any CPU
		{55D14CC4-B6C7-423D-B757-209E6CB8BAAC}.Debug|Any CPU.Build.0 = Debug|Any CPU
		{55D14CC4-B6C7-423D-B757-209E6CB8BAAC}.Release|Any CPU.ActiveCfg = Release|Any CPU
		{55D14CC4-B6C7-423D-B757-209E6CB8BAAC}.Release|Any CPU.Build.0 = Release|Any CPU
		{0A13374B-1DE5-40CD-B28C-6DB359E75D10}.Debug|Any CPU.ActiveCfg = Debug|Any CPU
		{0A13374B-1DE5-40CD-B28C-6DB359E75D10}.Debug|Any CPU.Build.0 = Debug|Any CPU
		{0A13374B-1DE5-40CD-B28C-6DB359E75D10}.Release|Any CPU.ActiveCfg = Release|Any CPU
		{0A13374B-1DE5-40CD-B28C-6DB359E75D10}.Release|Any CPU.Build.0 = Release|Any CPU
	EndGlobalSection
	GlobalSection(SolutionProperties) = preSolution
		HideSolutionNode = FALSE
	EndGlobalSection
	GlobalSection(ExtensibilityGlobals) = postSolution
		SolutionGuid = {D26A8615-7B40-4FB3-9D54-1BD2E93EBBF0}
	EndGlobalSection
EndGlobal
